
Microsoft Visual Studio Solution File, Format Version 12.00
# Visual Studio Version 17
VisualStudioVersion = 17.7.34221.43
MinimumVisualStudioVersion = 10.0.40219.1
Project("{9A19103F-16F7-4668-BE54-9A1E7A4F7556}") = "CourseWork", "UI\CourseWork.csproj", "{B4A84D52-0725-43C6-9454-FE79CB1F94CC}"
EndProject
Project("{FAE04EC0-301F-11D3-BF4B-00C04F79EFBC}") = "CourseWork.Tests", "CourseWork.Tests\CourseWork.Tests.csproj", "{7B7F8616-FF25-4A92-AC8E-05FE5DD6EC1A}"
EndProject
Global
	GlobalSection(SolutionConfigurationPlatforms) = preSolution
		Debug|Any CPU = Debug|Any CPU
		Release|Any CPU = Release|Any CPU
	EndGlobalSection
	GlobalSection(ProjectConfigurationPlatforms) = postSolution
		{B4A84D52-0725-43C6-9454-FE79CB1F94CC}.Debug|Any CPU.ActiveCfg = Debug|Any CPU
		{B4A84D52-0725-43C6-9454-FE79CB1F94CC}.Debug|Any CPU.Build.0 = Debug|Any CPU
		{B4A84D52-0725-43C6-9454-FE79CB1F94CC}.Release|Any CPU.ActiveCfg = Release|Any CPU
		{B4A84D52-0725-43C6-9454-FE79CB1F94CC}.Release|Any CPU.Build.0 = Release|Any CPU
		{7B7F8616-FF25-4A92-AC8E-05FE5DD6EC1A}.Debug|Any CPU.ActiveCfg = Debug|Any CPU
		{7B7F8616-FF25-4A92-AC8E-05FE5DD6EC1A}.Debug|Any CPU.Build.0 = Debug|Any CPU
		{7B7F8616-FF25-4A92-AC8E-05FE5DD6EC1A}.Release|Any CPU.ActiveCfg = Release|Any CPU
		{7B7F8616-FF25-4A92-AC8E-05FE5DD6EC1A}.Release|Any CPU.Build.0 = Release|Any CPU
	EndGlobalSection
	GlobalSection(SolutionProperties) = preSolution
		HideSolutionNode = FALSE
	EndGlobalSection
	GlobalSection(ExtensibilityGlobals) = postSolution
		SolutionGuid = {49A89113-EE9D-4B16-8185-E16F0979E591}
	EndGlobalSection
EndGlobal
